version = 1
revision = 1
requires-python = ">=3.13"

[[package]]
name = "fire"
version = "0.7.0"
source = { registry = "https://pypi.org/simple" }
dependencies = [
    { name = "termcolor" },
]
sdist = { url = "https://files.pythonhosted.org/packages/6b/b6/82c7e601d6d3c3278c40b7bd35e17e82aa227f050aa9f66cb7b7fce29471/fire-0.7.0.tar.gz", hash = "sha256:961550f07936eaf65ad1dc8360f2b2bf8408fad46abbfa4d2a3794f8d2a95cdf", size = 87189 }

[[package]]
name = "termcolor"
version = "3.1.0"
source = { registry = "https://pypi.org/simple" }
sdist = { url = "https://files.pythonhosted.org/packages/ca/6c/3d75c196ac07ac8749600b60b03f4f6094d54e132c4d94ebac6ee0e0add0/termcolor-3.1.0.tar.gz", hash = "sha256:6a6dd7fbee581909eeec6a756cff1d7f7c376063b14e4a298dc4980309e55970", size = 14324 }
wheels = [
    { url = "https://files.pythonhosted.org/packages/4f/bd/de8d508070629b6d84a30d01d57e4a65c69aa7f5abe7560b8fad3b50ea59/termcolor-3.1.0-py3-none-any.whl", hash = "sha256:591dd26b5c2ce03b9e43f391264626557873ce1d379019786f99b0c2bee140aa", size = 7684 },
]

[[package]]
name = "uzerp"
source = { editable = "." }
dependencies = [
    { name = "fire" },
    { name = "xdg" },
]

[package.metadata]
requires-dist = [
    { name = "fire", specifier = ">=0.7.0" },
    { name = "xdg", specifier = ">=6.0.0" },
]

[[package]]
name = "xdg"
version = "6.0.0"
source = { registry = "https://pypi.org/simple" }
sdist = { url = "https://files.pythonhosted.org/packages/2a/b9/0e6e6f19fb75cf5e1758f4f33c1256738f718966700cffc0fde2f966218b/xdg-6.0.0.tar.gz", hash = "sha256:24278094f2d45e846d1eb28a2ebb92d7b67fc0cab5249ee3ce88c95f649a1c92", size = 3453 }
wheels = [
    { url = "https://files.pythonhosted.org/packages/dd/54/3516c1cf349060fc3578686d271eba242f10ec00b4530c2985af9faac49b/xdg-6.0.0-py3-none-any.whl", hash = "sha256:df3510755b4395157fc04fc3b02467c777f3b3ca383257397f09ab0d4c16f936", size = 3855 },
]
